
Microsoft Visual Studio Solution File, Format Version 12.00
# Visual Studio Version 16
VisualStudioVersion = 16.0.29020.237
MinimumVisualStudioVersion = 10.0.40219.1
Project("{FAE04EC0-301F-11D3-BF4B-00C04F79EFBC}") = "Params", "Params\Params.csproj", "{1CD0F47E-DFD1-45CD-B80B-B5C37BAE0C27}"
EndProject
Global
	GlobalSection(SolutionConfigurationPlatforms) = preSolution
		Debug|Any CPU = Debug|Any CPU
		Release|Any CPU = Release|Any CPU
	EndGlobalSection
	GlobalSection(ProjectConfigurationPlatforms) = postSolution
		{1CD0F47E-DFD1-45CD-B80B-B5C37BAE0C27}.Debug|Any CPU.ActiveCfg = Debug|Any CPU
		{1CD0F47E-DFD1-45CD-B80B-B5C37BAE0C27}.Debug|Any CPU.Build.0 = Debug|Any CPU
		{1CD0F47E-DFD1-45CD-B80B-B5C37BAE0C27}.Release|Any CPU.ActiveCfg = Release|Any CPU
		{1CD0F47E-DFD1-45CD-B80B-B5C37BAE0C27}.Release|Any CPU.Build.0 = Release|Any CPU
	EndGlobalSection
	GlobalSection(SolutionProperties) = preSolution
		HideSolutionNode = FALSE
	EndGlobalSection
	GlobalSection(ExtensibilityGlobals) = postSolution
		SolutionGuid = {73485CC6-CC0E-4698-A553-4C20B73C921A}
	EndGlobalSection
EndGlobal
